Microsoft Visual Studio Solution File, Format Version 11.00
# Visual Studio 2008

Project("{E5E39AFE-F01F-2C2E-7A97-A7B5CDCCAF9D}") = "Invaders", "Assembly-CSharp-firstpass.csproj", "{4E3803BF-2020-8C6B-950A-9A24BA218CAB}"
EndProject
Project("{E5E39AFE-F01F-2C2E-7A97-A7B5CDCCAF9D}") = "Invaders", "Assembly-CSharp.csproj", "{12F80FD3-A418-F5D3-500E-2A9F23307628}"
EndProject
Project("{E5E39AFE-F01F-2C2E-7A97-A7B5CDCCAF9D}") = "Invaders", "Assembly-UnityScript-firstpass.unityproj", "{0CB40BDB-A93A-5397-C758-F85F5BF5079F}"
EndProject
Global
	GlobalSection(SolutionConfigurationPlatforms) = preSolution
		Debug|Any CPU = Debug|Any CPU
		Release|Any CPU = Release|Any CPU
	EndGlobalSection
	GlobalSection(ProjectConfigurationPlatforms) = postSolution
		{4E3803BF-2020-8C6B-950A-9A24BA218CAB}.Debug|Any CPU.ActiveCfg = Debug|Any CPU
		{4E3803BF-2020-8C6B-950A-9A24BA218CAB}.Debug|Any CPU.Build.0 = Debug|Any CPU
		{4E3803BF-2020-8C6B-950A-9A24BA218CAB}.Release|Any CPU.ActiveCfg = Release|Any CPU
		{4E3803BF-2020-8C6B-950A-9A24BA218CAB}.Release|Any CPU.Build.0 = Release|Any CPU
		{12F80FD3-A418-F5D3-500E-2A9F23307628}.Debug|Any CPU.ActiveCfg = Debug|Any CPU
		{12F80FD3-A418-F5D3-500E-2A9F23307628}.Debug|Any CPU.Build.0 = Debug|Any CPU
		{12F80FD3-A418-F5D3-500E-2A9F23307628}.Release|Any CPU.ActiveCfg = Release|Any CPU
		{12F80FD3-A418-F5D3-500E-2A9F23307628}.Release|Any CPU.Build.0 = Release|Any CPU
		{0CB40BDB-A93A-5397-C758-F85F5BF5079F}.Debug|Any CPU.ActiveCfg = Debug|Any CPU
		{0CB40BDB-A93A-5397-C758-F85F5BF5079F}.Debug|Any CPU.Build.0 = Debug|Any CPU
		{0CB40BDB-A93A-5397-C758-F85F5BF5079F}.Release|Any CPU.ActiveCfg = Release|Any CPU
		{0CB40BDB-A93A-5397-C758-F85F5BF5079F}.Release|Any CPU.Build.0 = Release|Any CPU
	EndGlobalSection
	GlobalSection(SolutionProperties) = preSolution
		HideSolutionNode = FALSE
	EndGlobalSection
																																																																																																										GlobalSection(MonoDevelopProperties) = preSolution
		StartupItem = Assembly-CSharp.csproj
		Policies = $0
		$0.TextStylePolicy = $1
		$1.inheritsSet = null
		$1.scope = text/x-csharp
		$0.CSharpFormattingPolicy = $2
		$2.inheritsSet = Mono
		$2.inheritsScope = text/x-csharp
		$2.scope = text/x-csharp
		$0.TextStylePolicy = $3
		$3.FileWidth = 120
		$3.TabWidth = 4
		$3.EolMarker = Unix
		$3.inheritsSet = Mono
		$3.inheritsScope = text/plain
		$3.scope = text/plain
	EndGlobalSection

EndGlobal
